github.com/mileke/dog v0.0.0-20260107080130-8bb4adfc3c92 h1:xSgD6fQXVStMh8xcg5AwXOshZdNIbvDan+6rtrV7lkU=
github.com/mileke/dog v0.0.0-20260107080130-8bb4adfc3c92/go.mod h1:aEVgYUxuIoB/lk81zyU2nz3lMs4BUuZHFfGhh0EukFU=
github.com/mileke/puppy v0.0.0-20260107074453-78d6f438c84d h1:zgOjla0sj4S9+nv+abgokA/Sxj8sVgII1wSgvud4p4o=
github.com/mileke/puppy v0.0.0-20260107074453-78d6f438c84d/go.mod h1:JpGK7TjFGyIq56RKeGsKpnpG1A022s4rZeIibupS8Dc=
github.com/mileke/puppy v0.0.0-20260107080714-80ed8cbbb945 h1:9Vs0nZrIfyto4LH/kyxlcYkwrVng2jLC0wY5IB2FkLs=
github.com/mileke/puppy v0.0.0-20260107080714-80ed8cbbb945/go.mod h1:EB8uYLpHgWohiZhii5BdA9NAKAvFIG0uwmAT9H/TMFg=
golang.org/x/crypto v0.48.0 h1:/VRzVqiRSggnhY7gNRxPauEQ5Drw9haKdM0jqfcCFts=
golang.org/x/crypto v0.48.0/go.mod h1:r0kV5h3qnFPlQnBSrULhlsRfryS2pmewsg+XfMgkVos=
golang.org/x/exp v0.0.0-20260218203240-3dfff04db8fa h1:Zt3DZoOFFYkKhDT3v7Lm9FDMEV06GpzjG2jrqW+QTE0=
golang.org/x/exp v0.0.0-20260218203240-3dfff04db8fa/go.mod h1:K79w1Vqn7PoiZn+TkNpx3BUWUQksGO3JcVX6qIjytmA=
